# This file was autogenerated by Stack.
# You should not edit this file by hand.
# For more information, please see the documentation at:
#   https://docs.haskellstack.org/en/stable/lock_files

packages:
- completed:
    commit: f58ae476ff50dfc277f8dd603142b7ce864b8e03
    git: https://github.com/ilyakooo0/binary-bits
    name: binary-bits
    pantry-tree:
      sha256: d4886449b9be758d88537eb50a5f9e7c456398c4e1a0b38eb6a2eba07ce71300
      size: 808
    version: '0.6'
  original:
    commit: f58ae476ff50dfc277f8dd603142b7ce864b8e03
    git: https://github.com/ilyakooo0/binary-bits
- completed:
    commit: 2c8c1a5da4cde71c04ca431371ab4b47c48a06b1
    git: https://github.com/jlwoodwa/MemoTrie
    name: MemoTrie
    pantry-tree:
      sha256: 1820c56b5265d010f46283da208006cf2a8520690b6948d4e9a54953c8e607e6
      size: 517
    version: 0.6.10
  original:
    commit: 2c8c1a5da4cde71c04ca431371ab4b47c48a06b1
    git: https://github.com/jlwoodwa/MemoTrie
snapshots:
- completed:
    sha256: 2e7d4a730d8eb5373b2d383fac84efcf7c81e3b7a5fce71b4c2e19a1768f25a6
    size: 640239
    url: https://raw.githubusercontent.com/commercialhaskell/stackage-snapshots/master/lts/21/6.yaml
  original:
    url: https://raw.githubusercontent.com/commercialhaskell/stackage-snapshots/master/lts/21/6.yaml
